// !$*UTF8*$!
{
	archiveVersion = 1;
	classes = {
	};
	objectVersion = 46;
	objects = {

/* Begin PBXBuildFile section */
		70B21BC81CCEE25D00E329A6 /* FirebaseReSwift.h in Headers */ = {isa = PBXBuildFile; fileRef = 70B21BC71CCEE25D00E329A6 /* FirebaseReSwift.h */; settings = {ATTRIBUTES = (Public, ); }; };
		70B21BCF1CCEE25D00E329A6 /* FirebaseReSwift.framework in Frameworks */ = {isa = PBXBuildFile; fileRef = 70B21BC41CCEE25D00E329A6 /* FirebaseReSwift.framework */; };
		70B21BD41CCEE25D00E329A6 /* FirebaseReSwiftTests.swift in Sources */ = {isa = PBXBuildFile; fileRef = 70B21BD31CCEE25D00E329A6 /* FirebaseReSwiftTests.swift */; };
		70B21BDF1CCEE42A00E329A6 /* Marshal.framework in Frameworks */ = {isa = PBXBuildFile; fileRef = 70B21BDE1CCEE42A00E329A6 /* Marshal.framework */; };
		70B21BE11CCEE43200E329A6 /* ReSwift.framework in Frameworks */ = {isa = PBXBuildFile; fileRef = 70B21BE01CCEE43200E329A6 /* ReSwift.framework */; };
		70B21BF01CCEE7A800E329A6 /* FirebaseAccess.swift in Sources */ = {isa = PBXBuildFile; fileRef = 70B21BEF1CCEE7A800E329A6 /* FirebaseAccess.swift */; };
		70B21BF21CCEE7E900E329A6 /* GenericActions.swift in Sources */ = {isa = PBXBuildFile; fileRef = 70B21BF11CCEE7E900E329A6 /* GenericActions.swift */; };
		70B21BF41CCFBB3400E329A6 /* Subscribing.swift in Sources */ = {isa = PBXBuildFile; fileRef = 70B21BF31CCFBB3400E329A6 /* Subscribing.swift */; };
		70B21BFC1CD0136700E329A6 /* FirebaseAuthentication.swift in Sources */ = {isa = PBXBuildFile; fileRef = 70B21BFB1CD0136700E329A6 /* FirebaseAuthentication.swift */; };
		70CC54781CF36F7A000E875B /* FirebaseAnalytics.framework in Frameworks */ = {isa = PBXBuildFile; fileRef = 70CC54701CF36F7A000E875B /* FirebaseAnalytics.framework */; };
		70CC54791CF36F7A000E875B /* FirebaseAuth.framework in Frameworks */ = {isa = PBXBuildFile; fileRef = 70CC54711CF36F7A000E875B /* FirebaseAuth.framework */; };
		70CC547A1CF36F7A000E875B /* FirebaseDatabase.framework in Frameworks */ = {isa = PBXBuildFile; fileRef = 70CC54721CF36F7A000E875B /* FirebaseDatabase.framework */; };
		70CC547B1CF36F7A000E875B /* FirebaseInstanceID.framework in Frameworks */ = {isa = PBXBuildFile; fileRef = 70CC54731CF36F7A000E875B /* FirebaseInstanceID.framework */; };
		70CC547C1CF36F7A000E875B /* GoogleInterchangeUtilities.framework in Frameworks */ = {isa = PBXBuildFile; fileRef = 70CC54741CF36F7A000E875B /* GoogleInterchangeUtilities.framework */; };
		70CC547D1CF36F7A000E875B /* GoogleNetworkingUtilities.framework in Frameworks */ = {isa = PBXBuildFile; fileRef = 70CC54751CF36F7A000E875B /* GoogleNetworkingUtilities.framework */; };
		70CC547E1CF36F7A000E875B /* GoogleSymbolUtilities.framework in Frameworks */ = {isa = PBXBuildFile; fileRef = 70CC54761CF36F7A000E875B /* GoogleSymbolUtilities.framework */; };
		70CC547F1CF36F7A000E875B /* GoogleUtilities.framework in Frameworks */ = {isa = PBXBuildFile; fileRef = 70CC54771CF36F7A000E875B /* GoogleUtilities.framework */; };
		70CC54811CF3701D000E875B /* Firebase.h in Headers */ = {isa = PBXBuildFile; fileRef = 70CC54801CF3701D000E875B /* Firebase.h */; };
		70CC54851CF3A1B6000E875B /* libicucore.tbd in Frameworks */ = {isa = PBXBuildFile; fileRef = 70CC54841CF3A1B6000E875B /* libicucore.tbd */; };
/* End PBXBuildFile section */

/* Begin PBXContainerItemProxy section */
		70B21BD01CCEE25D00E329A6 /* PBXContainerItemProxy */ = {
			isa = PBXContainerItemProxy;
			containerPortal = 70B21BBB1CCEE25D00E329A6 /* Project object */;
			proxyType = 1;
			remoteGlobalIDString = 70B21BC31CCEE25D00E329A6;
			remoteInfo = FirebaseReSwift;
		};
/* End PBXContainerItemProxy section */

/* Begin PBXFileReference section */
		70B21BC41CCEE25D00E329A6 /* FirebaseReSwift.framework */ = {isa = PBXFileReference; explicitFileType = wrapper.framework; includeInIndex = 0; path = FirebaseReSwift.framework; sourceTree = BUILT_PRODUCTS_DIR; };
		70B21BC71CCEE25D00E329A6 /* FirebaseReSwift.h */ = {isa = PBXFileReference; lastKnownFileType = sourcecode.c.h; path = FirebaseReSwift.h; sourceTree = "<group>"; };
		70B21BC91CCEE25D00E329A6 /* Info.plist */ = {isa = PBXFileReference; lastKnownFileType = text.plist.xml; path = Info.plist; sourceTree = "<group>"; };
		70B21BCE1CCEE25D00E329A6 /* FirebaseReSwiftTests.xctest */ = {isa = PBXFileReference; explicitFileType = wrapper.cfbundle; includeInIndex = 0; path = FirebaseReSwiftTests.xctest; sourceTree = BUILT_PRODUCTS_DIR; };
		70B21BD31CCEE25D00E329A6 /* FirebaseReSwiftTests.swift */ = {isa = PBXFileReference; lastKnownFileType = sourcecode.swift; path = FirebaseReSwiftTests.swift; sourceTree = "<group>"; };
		70B21BD51CCEE25D00E329A6 /* Info.plist */ = {isa = PBXFileReference; lastKnownFileType = text.plist.xml; path = Info.plist; sourceTree = "<group>"; };
		70B21BDE1CCEE42A00E329A6 /* Marshal.framework */ = {isa = PBXFileReference; lastKnownFileType = wrapper.framework; path = Marshal.framework; sourceTree = BUILT_PRODUCTS_DIR; };
		70B21BE01CCEE43200E329A6 /* ReSwift.framework */ = {isa = PBXFileReference; lastKnownFileType = wrapper.framework; path = ReSwift.framework; sourceTree = BUILT_PRODUCTS_DIR; };
		70B21BEF1CCEE7A800E329A6 /* FirebaseAccess.swift */ = {isa = PBXFileReference; fileEncoding = 4; lastKnownFileType = sourcecode.swift; path = FirebaseAccess.swift; sourceTree = "<group>"; };
		70B21BF11CCEE7E900E329A6 /* GenericActions.swift */ = {isa = PBXFileReference; fileEncoding = 4; lastKnownFileType = sourcecode.swift; path = GenericActions.swift; sourceTree = "<group>"; };
		70B21BF31CCFBB3400E329A6 /* Subscribing.swift */ = {isa = PBXFileReference; fileEncoding = 4; lastKnownFileType = sourcecode.swift; path = Subscribing.swift; sourceTree = "<group>"; };
		70B21BFB1CD0136700E329A6 /* FirebaseAuthentication.swift */ = {isa = PBXFileReference; fileEncoding = 4; lastKnownFileType = sourcecode.swift; path = FirebaseAuthentication.swift; sourceTree = "<group>"; };
		70CC54701CF36F7A000E875B /* FirebaseAnalytics.framework */ = {isa = PBXFileReference; lastKnownFileType = wrapper.framework; name = FirebaseAnalytics.framework; path = Vendor/Firebase/FirebaseAnalytics.framework; sourceTree = "<group>"; };
		70CC54711CF36F7A000E875B /* FirebaseAuth.framework */ = {isa = PBXFileReference; lastKnownFileType = wrapper.framework; name = FirebaseAuth.framework; path = Vendor/Firebase/FirebaseAuth.framework; sourceTree = "<group>"; };
		70CC54721CF36F7A000E875B /* FirebaseDatabase.framework */ = {isa = PBXFileReference; lastKnownFileType = wrapper.framework; name = FirebaseDatabase.framework; path = Vendor/Firebase/FirebaseDatabase.framework; sourceTree = "<group>"; };
		70CC54731CF36F7A000E875B /* FirebaseInstanceID.framework */ = {isa = PBXFileReference; lastKnownFileType = wrapper.framework; name = FirebaseInstanceID.framework; path = Vendor/Firebase/FirebaseInstanceID.framework; sourceTree = "<group>"; };
		70CC54741CF36F7A000E875B /* GoogleInterchangeUtilities.framework */ = {isa = PBXFileReference; lastKnownFileType = wrapper.framework; name = GoogleInterchangeUtilities.framework; path = Vendor/Firebase/GoogleInterchangeUtilities.framework; sourceTree = "<group>"; };
		70CC54751CF36F7A000E875B /* GoogleNetworkingUtilities.framework */ = {isa = PBXFileReference; lastKnownFileType = wrapper.framework; name = GoogleNetworkingUtilities.framework; path = Vendor/Firebase/GoogleNetworkingUtilities.framework; sourceTree = "<group>"; };
		70CC54761CF36F7A000E875B /* GoogleSymbolUtilities.framework */ = {isa = PBXFileReference; lastKnownFileType = wrapper.framework; name = GoogleSymbolUtilities.framework; path = Vendor/Firebase/GoogleSymbolUtilities.framework; sourceTree = "<group>"; };
		70CC54771CF36F7A000E875B /* GoogleUtilities.framework */ = {isa = PBXFileReference; lastKnownFileType = wrapper.framework; name = GoogleUtilities.framework; path = Vendor/Firebase/GoogleUtilities.framework; sourceTree = "<group>"; };
		70CC54801CF3701D000E875B /* Firebase.h */ = {isa = PBXFileReference; fileEncoding = 4; lastKnownFileType = sourcecode.c.h; name = Firebase.h; path = Vendor/Firebase/Firebase.h; sourceTree = "<group>"; };
		70CC54821CF37027000E875B /* module.modulemap */ = {isa = PBXFileReference; lastKnownFileType = "sourcecode.module-map"; name = module.modulemap; path = Vendor/Firebase/module.modulemap; sourceTree = SOURCE_ROOT; };
		70CC54841CF3A1B6000E875B /* libicucore.tbd */ = {isa = PBXFileReference; lastKnownFileType = "sourcecode.text-based-dylib-definition"; name = libicucore.tbd; path = usr/lib/libicucore.tbd; sourceTree = SDKROOT; };
/* End PBXFileReference section */

/* Begin PBXFrameworksBuildPhase section */
		70B21BC01CCEE25D00E329A6 /* Frameworks */ = {
			isa = PBXFrameworksBuildPhase;
			buildActionMask = 2147483647;
			files = (
				70CC54851CF3A1B6000E875B /* libicucore.tbd in Frameworks */,
				70CC547E1CF36F7A000E875B /* GoogleSymbolUtilities.framework in Frameworks */,
				70CC547D1CF36F7A000E875B /* GoogleNetworkingUtilities.framework in Frameworks */,
				70CC547C1CF36F7A000E875B /* GoogleInterchangeUtilities.framework in Frameworks */,
				70B21BE11CCEE43200E329A6 /* ReSwift.framework in Frameworks */,
				70CC547B1CF36F7A000E875B /* FirebaseInstanceID.framework in Frameworks */,
				70CC54791CF36F7A000E875B /* FirebaseAuth.framework in Frameworks */,
				70B21BDF1CCEE42A00E329A6 /* Marshal.framework in Frameworks */,
				70CC54781CF36F7A000E875B /* FirebaseAnalytics.framework in Frameworks */,
				70CC547F1CF36F7A000E875B /* GoogleUtilities.framework in Frameworks */,
				70CC547A1CF36F7A000E875B /* FirebaseDatabase.framework in Frameworks */,
			);
			runOnlyForDeploymentPostprocessing = 0;
		};
		70B21BCB1CCEE25D00E329A6 /* Frameworks */ = {
			isa = PBXFrameworksBuildPhase;
			buildActionMask = 2147483647;
			files = (
				70B21BCF1CCEE25D00E329A6 /* FirebaseReSwift.framework in Frameworks */,
			);
			runOnlyForDeploymentPostprocessing = 0;
		};
/* End PBXFrameworksBuildPhase section */

/* Begin PBXGroup section */
		70B21BBA1CCEE25D00E329A6 = {
			isa = PBXGroup;
			children = (
				70B21BC61CCEE25D00E329A6 /* FirebaseReSwift */,
				70B21BD21CCEE25D00E329A6 /* FirebaseReSwiftTests */,
				70B21BC51CCEE25D00E329A6 /* Products */,
			);
			sourceTree = "<group>";
		};
		70B21BC51CCEE25D00E329A6 /* Products */ = {
			isa = PBXGroup;
			children = (
				70B21BC41CCEE25D00E329A6 /* FirebaseReSwift.framework */,
				70B21BCE1CCEE25D00E329A6 /* FirebaseReSwiftTests.xctest */,
			);
			name = Products;
			sourceTree = "<group>";
		};
		70B21BC61CCEE25D00E329A6 /* FirebaseReSwift */ = {
			isa = PBXGroup;
			children = (
				70B21BC71CCEE25D00E329A6 /* FirebaseReSwift.h */,
				70B21BEF1CCEE7A800E329A6 /* FirebaseAccess.swift */,
				70B21BFB1CD0136700E329A6 /* FirebaseAuthentication.swift */,
				70B21BF31CCFBB3400E329A6 /* Subscribing.swift */,
				70B21BF11CCEE7E900E329A6 /* GenericActions.swift */,
				70B21BC91CCEE25D00E329A6 /* Info.plist */,
				70CC54821CF37027000E875B /* module.modulemap */,
				70B21BE21CCEE43700E329A6 /* Frameworks */,
			);
			path = FirebaseReSwift;
			sourceTree = "<group>";
		};
		70B21BD21CCEE25D00E329A6 /* FirebaseReSwiftTests */ = {
			isa = PBXGroup;
			children = (
				70B21BD31CCEE25D00E329A6 /* FirebaseReSwiftTests.swift */,
				70B21BD51CCEE25D00E329A6 /* Info.plist */,
			);
			path = FirebaseReSwiftTests;
			sourceTree = "<group>";
		};
		70B21BE21CCEE43700E329A6 /* Frameworks */ = {
			isa = PBXGroup;
			children = (
				70CC54801CF3701D000E875B /* Firebase.h */,
				70CC54841CF3A1B6000E875B /* libicucore.tbd */,
				70CC54701CF36F7A000E875B /* FirebaseAnalytics.framework */,
				70CC54711CF36F7A000E875B /* FirebaseAuth.framework */,
				70CC54721CF36F7A000E875B /* FirebaseDatabase.framework */,
				70CC54731CF36F7A000E875B /* FirebaseInstanceID.framework */,
				70CC54741CF36F7A000E875B /* GoogleInterchangeUtilities.framework */,
				70CC54751CF36F7A000E875B /* GoogleNetworkingUtilities.framework */,
				70CC54761CF36F7A000E875B /* GoogleSymbolUtilities.framework */,
				70CC54771CF36F7A000E875B /* GoogleUtilities.framework */,
				70B21BE01CCEE43200E329A6 /* ReSwift.framework */,
				70B21BDE1CCEE42A00E329A6 /* Marshal.framework */,
			);
			name = Frameworks;
			path = ..;
			sourceTree = "<group>";
		};
/* End PBXGroup section */

/* Begin PBXHeadersBuildPhase section */
		70B21BC11CCEE25D00E329A6 /* Headers */ = {
			isa = PBXHeadersBuildPhase;
			buildActionMask = 2147483647;
			files = (
				70B21BC81CCEE25D00E329A6 /* FirebaseReSwift.h in Headers */,
				70CC54811CF3701D000E875B /* Firebase.h in Headers */,
			);
			runOnlyForDeploymentPostprocessing = 0;
		};
/* End PBXHeadersBuildPhase section */

/* Begin PBXNativeTarget section */
		70B21BC31CCEE25D00E329A6 /* FirebaseReSwift */ = {
			isa = PBXNativeTarget;
			buildConfigurationList = 70B21BD81CCEE25D00E329A6 /* Build configuration list for PBXNativeTarget "FirebaseReSwift" */;
			buildPhases = (
				70B21BBF1CCEE25D00E329A6 /* Sources */,
				70B21BC01CCEE25D00E329A6 /* Frameworks */,
				70B21BC11CCEE25D00E329A6 /* Headers */,
				70B21BC21CCEE25D00E329A6 /* Resources */,
			);
			buildRules = (
			);
			dependencies = (
			);
			name = FirebaseReSwift;
			productName = FirebaseReSwift;
			productReference = 70B21BC41CCEE25D00E329A6 /* FirebaseReSwift.framework */;
			productType = "com.apple.product-type.framework";
		};
		70B21BCD1CCEE25D00E329A6 /* FirebaseReSwiftTests */ = {
			isa = PBXNativeTarget;
			buildConfigurationList = 70B21BDB1CCEE25D00E329A6 /* Build configuration list for PBXNativeTarget "FirebaseReSwiftTests" */;
			buildPhases = (
				70B21BCA1CCEE25D00E329A6 /* Sources */,
				70B21BCB1CCEE25D00E329A6 /* Frameworks */,
				70B21BCC1CCEE25D00E329A6 /* Resources */,
			);
			buildRules = (
			);
			dependencies = (
				70B21BD11CCEE25D00E329A6 /* PBXTargetDependency */,
			);
			name = FirebaseReSwiftTests;
			productName = FirebaseReSwiftTests;
			productReference = 70B21BCE1CCEE25D00E329A6 /* FirebaseReSwiftTests.xctest */;
			productType = "com.apple.product-type.bundle.unit-test";
		};
/* End PBXNativeTarget section */

/* Begin PBXProject section */
		70B21BBB1CCEE25D00E329A6 /* Project object */ = {
			isa = PBXProject;
			attributes = {
				LastSwiftUpdateCheck = 0730;
				LastUpgradeCheck = 0730;
				ORGANIZATIONNAME = "BSN Design";
				TargetAttributes = {
					70B21BC31CCEE25D00E329A6 = {
						CreatedOnToolsVersion = 7.3;
					};
					70B21BCD1CCEE25D00E329A6 = {
						CreatedOnToolsVersion = 7.3;
					};
				};
			};
			buildConfigurationList = 70B21BBE1CCEE25D00E329A6 /* Build configuration list for PBXProject "FirebaseReSwift" */;
			compatibilityVersion = "Xcode 3.2";
			developmentRegion = English;
			hasScannedForEncodings = 0;
			knownRegions = (
				en,
			);
			mainGroup = 70B21BBA1CCEE25D00E329A6;
			productRefGroup = 70B21BC51CCEE25D00E329A6 /* Products */;
			projectDirPath = "";
			projectRoot = "";
			targets = (
				70B21BC31CCEE25D00E329A6 /* FirebaseReSwift */,
				70B21BCD1CCEE25D00E329A6 /* FirebaseReSwiftTests */,
			);
		};
/* End PBXProject section */

/* Begin PBXResourcesBuildPhase section */
		70B21BC21CCEE25D00E329A6 /* Resources */ = {
			isa = PBXResourcesBuildPhase;
			buildActionMask = 2147483647;
			files = (
			);
			runOnlyForDeploymentPostprocessing = 0;
		};
		70B21BCC1CCEE25D00E329A6 /* Resources */ = {
			isa = PBXResourcesBuildPhase;
			buildActionMask = 2147483647;
			files = (
			);
			runOnlyForDeploymentPostprocessing = 0;
		};
/* End PBXResourcesBuildPhase section */

/* Begin PBXSourcesBuildPhase section */
		70B21BBF1CCEE25D00E329A6 /* Sources */ = {
			isa = PBXSourcesBuildPhase;
			buildActionMask = 2147483647;
			files = (
				70B21BFC1CD0136700E329A6 /* FirebaseAuthentication.swift in Sources */,
				70B21BF21CCEE7E900E329A6 /* GenericActions.swift in Sources */,
				70B21BF41CCFBB3400E329A6 /* Subscribing.swift in Sources */,
				70B21BF01CCEE7A800E329A6 /* FirebaseAccess.swift in Sources */,
			);
			runOnlyForDeploymentPostprocessing = 0;
		};
		70B21BCA1CCEE25D00E329A6 /* Sources */ = {
			isa = PBXSourcesBuildPhase;
			buildActionMask = 2147483647;
			files = (
				70B21BD41CCEE25D00E329A6 /* FirebaseReSwiftTests.swift in Sources */,
			);
			runOnlyForDeploymentPostprocessing = 0;
		};
/* End PBXSourcesBuildPhase section */

/* Begin PBXTargetDependency section */
		70B21BD11CCEE25D00E329A6 /* PBXTargetDependency */ = {
			isa = PBXTargetDependency;
			target = 70B21BC31CCEE25D00E329A6 /* FirebaseReSwift */;
			targetProxy = 70B21BD01CCEE25D00E329A6 /* PBXContainerItemProxy */;
		};
/* End PBXTargetDependency section */

/* Begin XCBuildConfiguration section */
		70B21BD61CCEE25D00E329A6 /* Debug */ = {
			isa = XCBuildConfiguration;
			buildSettings = {
				ALWAYS_SEARCH_USER_PATHS = NO;
				CLANG_ANALYZER_NONNULL = YES;
				CLANG_CXX_LANGUAGE_STANDARD = "gnu++0x";
				CLANG_CXX_LIBRARY = "libc++";
				CLANG_ENABLE_MODULES = YES;
				CLANG_ENABLE_OBJC_ARC = YES;
				CLANG_WARN_BOOL_CONVERSION = YES;
				CLANG_WARN_CONSTANT_CONVERSION = YES;
				CLANG_WARN_DIRECT_OBJC_ISA_USAGE = YES_ERROR;
				CLANG_WARN_EMPTY_BODY = YES;
				CLANG_WARN_ENUM_CONVERSION = YES;
				CLANG_WARN_INT_CONVERSION = YES;
				CLANG_WARN_OBJC_ROOT_CLASS = YES_ERROR;
				CLANG_WARN_UNREACHABLE_CODE = YES;
				CLANG_WARN__DUPLICATE_METHOD_MATCH = YES;
				"CODE_SIGN_IDENTITY[sdk=iphoneos*]" = "iPhone Developer";
				COPY_PHASE_STRIP = NO;
				CURRENT_PROJECT_VERSION = 1;
				DEBUG_INFORMATION_FORMAT = dwarf;
				ENABLE_STRICT_OBJC_MSGSEND = YES;
				ENABLE_TESTABILITY = YES;
				GCC_C_LANGUAGE_STANDARD = gnu99;
				GCC_DYNAMIC_NO_PIC = NO;
				GCC_NO_COMMON_BLOCKS = YES;
				GCC_OPTIMIZATION_LEVEL = 0;
				GCC_PREPROCESSOR_DEFINITIONS = (
					"DEBUG=1",
					"$(inherited)",
				);
				GCC_WARN_64_TO_32_BIT_CONVERSION = YES;
				GCC_WARN_ABOUT_RETURN_TYPE = YES_ERROR;
				GCC_WARN_UNDECLARED_SELECTOR = YES;
				GCC_WARN_UNINITIALIZED_AUTOS = YES_AGGRESSIVE;
				GCC_WARN_UNUSED_FUNCTION = YES;
				GCC_WARN_UNUSED_VARIABLE = YES;
				IPHONEOS_DEPLOYMENT_TARGET = 9.3;
				MTL_ENABLE_DEBUG_INFO = YES;
				ONLY_ACTIVE_ARCH = YES;
				SDKROOT = iphoneos;
				SWIFT_OPTIMIZATION_LEVEL = "-Onone";
				TARGETED_DEVICE_FAMILY = "1,2";
				VERSIONING_SYSTEM = "apple-generic";
				VERSION_INFO_PREFIX = "";
			};
			name = Debug;
		};
		70B21BD71CCEE25D00E329A6 /* Release */ = {
			isa = XCBuildConfiguration;
			buildSettings = {
				ALWAYS_SEARCH_USER_PATHS = NO;
				CLANG_ANALYZER_NONNULL = YES;
				CLANG_CXX_LANGUAGE_STANDARD = "gnu++0x";
				CLANG_CXX_LIBRARY = "libc++";
				CLANG_ENABLE_MODULES = YES;
				CLANG_ENABLE_OBJC_ARC = YES;
				CLANG_WARN_BOOL_CONVERSION = YES;
				CLANG_WARN_CONSTANT_CONVERSION = YES;
				CLANG_WARN_DIRECT_OBJC_ISA_USAGE = YES_ERROR;
				CLANG_WARN_EMPTY_BODY = YES;
				CLANG_WARN_ENUM_CONVERSION = YES;
				CLANG_WARN_INT_CONVERSION = YES;
				CLANG_WARN_OBJC_ROOT_CLASS = YES_ERROR;
				CLANG_WARN_UNREACHABLE_CODE = YES;
				CLANG_WARN__DUPLICATE_METHOD_MATCH = YES;
				"CODE_SIGN_IDENTITY[sdk=iphoneos*]" = "iPhone Developer";
				COPY_PHASE_STRIP = NO;
				CURRENT_PROJECT_VERSION = 1;
				DEBUG_INFORMATION_FORMAT = "dwarf-with-dsym";
				ENABLE_NS_ASSERTIONS = NO;
				ENABLE_STRICT_OBJC_MSGSEND = YES;
				GCC_C_LANGUAGE_STANDARD = gnu99;
				GCC_NO_COMMON_BLOCKS = YES;
				GCC_WARN_64_TO_32_BIT_CONVERSION = YES;
				GCC_WARN_ABOUT_RETURN_TYPE = YES_ERROR;
				GCC_WARN_UNDECLARED_SELECTOR = YES;
				GCC_WARN_UNINITIALIZED_AUTOS = YES_AGGRESSIVE;
				GCC_WARN_UNUSED_FUNCTION = YES;
				GCC_WARN_UNUSED_VARIABLE = YES;
				IPHONEOS_DEPLOYMENT_TARGET = 9.3;
				MTL_ENABLE_DEBUG_INFO = NO;
				SDKROOT = iphoneos;
				TARGETED_DEVICE_FAMILY = "1,2";
				VALIDATE_PRODUCT = YES;
				VERSIONING_SYSTEM = "apple-generic";
				VERSION_INFO_PREFIX = "";
			};
			name = Release;
		};
		70B21BD91CCEE25D00E329A6 /* Debug */ = {
			isa = XCBuildConfiguration;
			buildSettings = {
				APPLICATION_EXTENSION_API_ONLY = NO;
				CLANG_ENABLE_MODULES = YES;
				DEFINES_MODULE = YES;
				DYLIB_COMPATIBILITY_VERSION = 1;
				DYLIB_CURRENT_VERSION = 1;
				DYLIB_INSTALL_NAME_BASE = "@rpath";
				FRAMEWORK_SEARCH_PATHS = (
					"$(inherited)",
					"$(PROJECT_DIR)/Vendor",
					"$(PROJECT_DIR)/Vendor/Firebase",
				);
				INFOPLIST_FILE = FirebaseReSwift/Info.plist;
				INSTALL_PATH = "$(LOCAL_LIBRARY_DIR)/Frameworks";
				IPHONEOS_DEPLOYMENT_TARGET = 9.0;
				LD_RUNPATH_SEARCH_PATHS = "$(inherited) @executable_path/Frameworks @loader_path/Frameworks";
				OTHER_LDFLAGS = (
					"$(OTHER_LDFLAGS)",
					"-ObjC",
				);
				PRODUCT_BUNDLE_IDENTIFIER = design.bsn.FirebaseReSwift;
				PRODUCT_NAME = "$(TARGET_NAME)";
				SKIP_INSTALL = YES;
				SWIFT_OPTIMIZATION_LEVEL = "-Onone";
				USER_HEADER_SEARCH_PATHS = "$(PROJECT_DIR)/Vendor/Firebase";
			};
			name = Debug;
		};
		70B21BDA1CCEE25D00E329A6 /* Release */ = {
			isa = XCBuildConfiguration;
			buildSettings = {
				APPLICATION_EXTENSION_API_ONLY = NO;
				CLANG_ENABLE_MODULES = YES;
				DEFINES_MODULE = YES;
				DYLIB_COMPATIBILITY_VERSION = 1;
				DYLIB_CURRENT_VERSION = 1;
				DYLIB_INSTALL_NAME_BASE = "@rpath";
				FRAMEWORK_SEARCH_PATHS = (
					"$(inherited)",
					"$(PROJECT_DIR)/Vendor",
					"$(PROJECT_DIR)/Vendor/Firebase",
				);
				INFOPLIST_FILE = FirebaseReSwift/Info.plist;
				INSTALL_PATH = "$(LOCAL_LIBRARY_DIR)/Frameworks";
				IPHONEOS_DEPLOYMENT_TARGET = 9.0;
				LD_RUNPATH_SEARCH_PATHS = "$(inherited) @executable_path/Frameworks @loader_path/Frameworks";
				OTHER_LDFLAGS = (
					"$(OTHER_LDFLAGS)",
					"-ObjC",
				);
				PRODUCT_BUNDLE_IDENTIFIER = design.bsn.FirebaseReSwift;
				PRODUCT_NAME = "$(TARGET_NAME)";
				SKIP_INSTALL = YES;
				USER_HEADER_SEARCH_PATHS = "$(PROJECT_DIR)/Vendor/Firebase";
			};
			name = Release;
		};
		70B21BDC1CCEE25D00E329A6 /* Debug */ = {
			isa = XCBuildConfiguration;
			buildSettings = {
				INFOPLIST_FILE = FirebaseReSwiftTests/Info.plist;
				LD_RUNPATH_SEARCH_PATHS = "$(inherited) @executable_path/Frameworks @loader_path/Frameworks";
				PRODUCT_BUNDLE_IDENTIFIER = design.bsn.FirebaseReSwiftTests;
				PRODUCT_NAME = "$(TARGET_NAME)";
			};
			name = Debug;
		};
		70B21BDD1CCEE25D00E329A6 /* Release */ = {
			isa = XCBuildConfiguration;
			buildSettings = {
				INFOPLIST_FILE = FirebaseReSwiftTests/Info.plist;
				LD_RUNPATH_SEARCH_PATHS = "$(inherited) @executable_path/Frameworks @loader_path/Frameworks";
				PRODUCT_BUNDLE_IDENTIFIER = design.bsn.FirebaseReSwiftTests;
				PRODUCT_NAME = "$(TARGET_NAME)";
			};
			name = Release;
		};
/* End XCBuildConfiguration section */

/* Begin XCConfigurationList section */
		70B21BBE1CCEE25D00E329A6 /* Build configuration list for PBXProject "FirebaseReSwift" */ = {
			isa = XCConfigurationList;
			buildConfigurations = (
				70B21BD61CCEE25D00E329A6 /* Debug */,
				70B21BD71CCEE25D00E329A6 /* Release */,
			);
			defaultConfigurationIsVisible = 0;
			defaultConfigurationName = Release;
		};
		70B21BD81CCEE25D00E329A6 /* Build configuration list for PBXNativeTarget "FirebaseReSwift" */ = {
			isa = XCConfigurationList;
			buildConfigurations = (
				70B21BD91CCEE25D00E329A6 /* Debug */,
				70B21BDA1CCEE25D00E329A6 /* Release */,
			);
			defaultConfigurationIsVisible = 0;
			defaultConfigurationName = Release;
		};
		70B21BDB1CCEE25D00E329A6 /* Build configuration list for PBXNativeTarget "FirebaseReSwiftTests" */ = {
			isa = XCConfigurationList;
			buildConfigurations = (
				70B21BDC1CCEE25D00E329A6 /* Debug */,
				70B21BDD1CCEE25D00E329A6 /* Release */,
			);
			defaultConfigurationIsVisible = 0;
			defaultConfigurationName = Release;
		};
/* End XCConfigurationList section */
	};
	rootObject = 70B21BBB1CCEE25D00E329A6 /* Project object */;
}
